PODS:
  - Firebase/Auth (10.6.0):
    - Firebase/CoreOnly
    - FirebaseAuth (~> 10.6.0)
  - Firebase/CoreOnly (10.6.0):
    - FirebaseCore (= 10.6.0)
  - FirebaseAuth (10.6.0):
    - FirebaseCore (~> 10.0)
    - GoogleUtilities/AppDelegateSwizzler (~> 7.8)
    - GoogleUtilities/Environment (~> 7.8)
    - GTMSessionFetcher/Core (< 4.0, >= 2.1)
  - FirebaseCore (10.6.0):
    - FirebaseCoreInternal (~> 10.0)
    - GoogleUtilities/Environment (~> 7.8)
    - GoogleUtilities/Logger (~> 7.8)
  - FirebaseCoreInternal (10.6.0):
    - "GoogleUtilities/NSData+zlib (~> 7.8)"
  - GoogleUtilities/AppDelegateSwizzler (7.11.0):
    - GoogleUtilities/Environment
    - GoogleUtilities/Logger
    - GoogleUtilities/Network
  - GoogleUtilities/Environment (7.11.0):
    - PromisesObjC (< 3.0, >= 1.2)
  - GoogleUtilities/Logger (7.11.0):
    - GoogleUtilities/Environment
  - GoogleUtilities/Network (7.11.0):
    - GoogleUtilities/Logger
    - "GoogleUtilities/NSData+zlib"
    - GoogleUtilities/Reachability
  - "GoogleUtilities/NSData+zlib (7.11.0)"
  - GoogleUtilities/Reachability (7.11.0):
    - GoogleUtilities/Logger
  - GTMSessionFetcher/Core (3.1.0)
  - PromisesObjC (2.2.0)
  - Realm (10.37.2):
    - Realm/Headers (= 10.37.2)
  - Realm/Headers (10.37.2)
  - RealmSwift (10.37.2):
    - Realm (= 10.37.2)
  - SDWebImage (5.15.5):
    - SDWebImage/Core (= 5.15.5)
  - SDWebImage/Core (5.15.5)
  - Socket.IO-Client-Swift (15.2.0):
    - Starscream (~> 3.1)
  - Starscream (3.1.1)
  - UtilityKit (0.1.59)

DEPENDENCIES:
  - Firebase/Auth
  - RealmSwift (~> 10)
  - SDWebImage (~> 5.15.4)
  - Socket.IO-Client-Swift (~> 15.2.0)
  - UtilityKit (from `https://github.com/utills/UtilityKit.git`)

SPEC REPOS:
  trunk:
    - Firebase
    - FirebaseAuth
    - FirebaseCore
    - FirebaseCoreInternal
    - GoogleUtilities
    - GTMSessionFetcher
    - PromisesObjC
    - Realm
    - RealmSwift
    - SDWebImage
    - Socket.IO-Client-Swift
    - Starscream

EXTERNAL SOURCES:
  UtilityKit:
    :git: https://github.com/utills/UtilityKit.git

CHECKOUT OPTIONS:
  UtilityKit:
    :commit: 83cbc7be7aa57f01ada81e38d3cdea935ab24be8
    :git: https://github.com/utills/UtilityKit.git

SPEC CHECKSUMS:
  Firebase: f13680471b021937f2230ea8503c7809d8c29806
  FirebaseAuth: 743e5cd568af59d6d99a91ea9300843672515cf7
  FirebaseCore: fa80ad16a62d52f67274b5b88304c3a318bbf9a4
  FirebaseCoreInternal: c7cd505e2136811096b225ac388d6254a2622362
  GoogleUtilities: c2bdc4cf2ce786c4d2e6b3bcfd599a25ca78f06f
  GTMSessionFetcher: c9e714f7eec91a55641e2bab9f45fd83a219b882
  PromisesObjC: 09985d6d70fbe7878040aa746d78236e6946d2ef
  Realm: 09e17879e909fafc5336864bff22272de9bd11bf
  RealmSwift: adaf8f6fd925b41447089fcfab71b9b7cdc3982d
  SDWebImage: fd7e1a22f00303e058058278639bf6196ee431fe
  Socket.IO-Client-Swift: 1e3e3a1f09f3312a167f0d781eb2f383d477357c
  Starscream: 4bb2f9942274833f7b4d296a55504dcfc7edb7b0
  UtilityKit: 062a28b634b743a7a0b20e57eae16a26d2a62bbe

PODFILE CHECKSUM: ccf043091e5ce4f268d96dbd427be0a024d76f69

COCOAPODS: 1.11.3
